
Microsoft Visual Studio Solution File, Format Version 12.00
# Visual Studio Version 17
Project("{8BC9CEB8-8B4A-11D0-8D11-00A0C91BC942}") = "ALL_BUILD", "ALL_BUILD.vcxproj", "{39ACE829-C465-33EA-84D8-E8004E2F4F49}"
	ProjectSection(ProjectDependencies) = postProject
		{AB3AB9C3-F681-35E2-8E19-FFCD16CE13DC} = {AB3AB9C3-F681-35E2-8E19-FFCD16CE13DC}
		{B5232DD7-4CCE-34D1-A2F9-9982B3278C1F} = {B5232DD7-4CCE-34D1-A2F9-9982B3278C1F}
	EndProjectSection
EndProject
Project("{8BC9CEB8-8B4A-11D0-8D11-00A0C91BC942}") = "ZERO_CHECK", "ZERO_CHECK.vcxproj", "{AB3AB9C3-F681-35E2-8E19-FFCD16CE13DC}"
	ProjectSection(ProjectDependencies) = postProject
	EndProjectSection
EndProject
Project("{8BC9CEB8-8B4A-11D0-8D11-00A0C91BC942}") = "phaser_pre_lib", "phaser_pre_lib.vcxproj", "{B5232DD7-4CCE-34D1-A2F9-9982B3278C1F}"
	ProjectSection(ProjectDependencies) = postProject
		{AB3AB9C3-F681-35E2-8E19-FFCD16CE13DC} = {AB3AB9C3-F681-35E2-8E19-FFCD16CE13DC}
	EndProjectSection
EndProject
Global
	GlobalSection(SolutionConfigurationPlatforms) = preSolution
		Debug|x64 = Debug|x64
		Release|x64 = Release|x64
		MinSizeRel|x64 = MinSizeRel|x64
		RelWithDebInfo|x64 = RelWithDebInfo|x64
	EndGlobalSection
	GlobalSection(ProjectConfigurationPlatforms) = postSolution
		{39ACE829-C465-33EA-84D8-E8004E2F4F49}.Debug|x64.ActiveCfg = Debug|x64
		{39ACE829-C465-33EA-84D8-E8004E2F4F49}.Release|x64.ActiveCfg = Release|x64
		{39ACE829-C465-33EA-84D8-E8004E2F4F49}.MinSizeRel|x64.ActiveCfg = MinSizeRel|x64
		{39ACE829-C465-33EA-84D8-E8004E2F4F49}.RelWithDebInfo|x64.ActiveCfg = RelWithDebInfo|x64
		{AB3AB9C3-F681-35E2-8E19-FFCD16CE13DC}.Debug|x64.ActiveCfg = Debug|x64
		{AB3AB9C3-F681-35E2-8E19-FFCD16CE13DC}.Debug|x64.Build.0 = Debug|x64
		{AB3AB9C3-F681-35E2-8E19-FFCD16CE13DC}.Release|x64.ActiveCfg = Release|x64
		{AB3AB9C3-F681-35E2-8E19-FFCD16CE13DC}.Release|x64.Build.0 = Release|x64
		{AB3AB9C3-F681-35E2-8E19-FFCD16CE13DC}.MinSizeRel|x64.ActiveCfg = MinSizeRel|x64
		{AB3AB9C3-F681-35E2-8E19-FFCD16CE13DC}.MinSizeRel|x64.Build.0 = MinSizeRel|x64
		{AB3AB9C3-F681-35E2-8E19-FFCD16CE13DC}.RelWithDebInfo|x64.ActiveCfg = RelWithDebInfo|x64
		{AB3AB9C3-F681-35E2-8E19-FFCD16CE13DC}.RelWithDebInfo|x64.Build.0 = RelWithDebInfo|x64
		{B5232DD7-4CCE-34D1-A2F9-9982B3278C1F}.Debug|x64.ActiveCfg = Debug|x64
		{B5232DD7-4CCE-34D1-A2F9-9982B3278C1F}.Debug|x64.Build.0 = Debug|x64
		{B5232DD7-4CCE-34D1-A2F9-9982B3278C1F}.Release|x64.ActiveCfg = Release|x64
		{B5232DD7-4CCE-34D1-A2F9-9982B3278C1F}.Release|x64.Build.0 = Release|x64
		{B5232DD7-4CCE-34D1-A2F9-9982B3278C1F}.MinSizeRel|x64.ActiveCfg = MinSizeRel|x64
		{B5232DD7-4CCE-34D1-A2F9-9982B3278C1F}.MinSizeRel|x64.Build.0 = MinSizeRel|x64
		{B5232DD7-4CCE-34D1-A2F9-9982B3278C1F}.RelWithDebInfo|x64.ActiveCfg = RelWithDebInfo|x64
		{B5232DD7-4CCE-34D1-A2F9-9982B3278C1F}.RelWithDebInfo|x64.Build.0 = RelWithDebInfo|x64
	EndGlobalSection
	GlobalSection(ExtensibilityGlobals) = postSolution
		SolutionGuid = {6F4E2E03-9BFB-353B-9E0A-78A2A2338DA5}
	EndGlobalSection
	GlobalSection(ExtensibilityAddIns) = postSolution
	EndGlobalSection
EndGlobal
