<?xml version="1.0" encoding="utf-8"?>
<Project ToolsVersion="17.0" xmlns="http://schemas.microsoft.com/developer/msbuild/2003">
  <ItemGroup>
    <ClCompile Include="C:\repo\phaser\phaser_core\test\driver.cc">
      <Filter>Source Files</Filter>
    </ClCompile>
    <ClCompile Include="test\PointCloud.cpp">
      <Filter>Source Files</Filter>
    </ClCompile>
  </ItemGroup>
  <ItemGroup>
    <CustomBuild Include="C:\repo\phaser\phaser_core\CMakeLists.txt" />
  </ItemGroup>
  <ItemGroup>
    <Filter Include="Source Files">
      <UniqueIdentifier>{99FE7D56-73DA-3CDD-97B4-267C0EA31177}</UniqueIdentifier>
    </Filter>
  </ItemGroup>
</Project>