
Microsoft Visual Studio Solution File, Format Version 12.00
# Visual Studio Version 17
VisualStudioVersion = 17.3.32811.315
MinimumVisualStudioVersion = 10.0.40219.1
Project("{8BC9CEB8-8B4A-11D0-8D11-00A0C91BC942}") = "ALL_BUILD", "ALL_BUILD.vcxproj", "{0C444F7B-4089-3B22-8E30-DCDBF7A510EF}"
	ProjectSection(ProjectDependencies) = postProject
		{6FC651B0-7941-34A3-9106-3A238779BE6E} = {6FC651B0-7941-34A3-9106-3A238779BE6E}
		{0CC6EC1E-6577-377D-914A-7A72553310AF} = {0CC6EC1E-6577-377D-914A-7A72553310AF}
		{1A9AAFDD-0F38-33EF-893B-A0F4FD165A75} = {1A9AAFDD-0F38-33EF-893B-A0F4FD165A75}
	EndProjectSection
EndProject
Project("{8BC9CEB8-8B4A-11D0-8D11-00A0C91BC942}") = "ZERO_CHECK", "ZERO_CHECK.vcxproj", "{6FC651B0-7941-34A3-9106-3A238779BE6E}"
EndProject
Project("{8BC9CEB8-8B4A-11D0-8D11-00A0C91BC942}") = "phaser_core_driver", "phaser_core_driver.vcxproj", "{0CC6EC1E-6577-377D-914A-7A72553310AF}"
	ProjectSection(ProjectDependencies) = postProject
		{6FC651B0-7941-34A3-9106-3A238779BE6E} = {6FC651B0-7941-34A3-9106-3A238779BE6E}
		{1A9AAFDD-0F38-33EF-893B-A0F4FD165A75} = {1A9AAFDD-0F38-33EF-893B-A0F4FD165A75}
	EndProjectSection
EndProject
Project("{8BC9CEB8-8B4A-11D0-8D11-00A0C91BC942}") = "phaser_core_lib", "phaser_core_lib.vcxproj", "{1A9AAFDD-0F38-33EF-893B-A0F4FD165A75}"
	ProjectSection(ProjectDependencies) = postProject
		{6FC651B0-7941-34A3-9106-3A238779BE6E} = {6FC651B0-7941-34A3-9106-3A238779BE6E}
	EndProjectSection
EndProject
Project("{8BC9CEB8-8B4A-11D0-8D11-00A0C91BC942}") = "phaser_common_lib", "..\phaser_common\phaser_common_lib.vcxproj", "{567F4049-B663-345F-9B00-31AEF7546DD1}"
EndProject
Global
	GlobalSection(SolutionConfigurationPlatforms) = preSolution
		Debug|x64 = Debug|x64
		MinSizeRel|x64 = MinSizeRel|x64
		Release|x64 = Release|x64
		RelWithDebInfo|x64 = RelWithDebInfo|x64
	EndGlobalSection
	GlobalSection(ProjectConfigurationPlatforms) = postSolution
		{0C444F7B-4089-3B22-8E30-DCDBF7A510EF}.Debug|x64.ActiveCfg = Debug|x64
		{0C444F7B-4089-3B22-8E30-DCDBF7A510EF}.MinSizeRel|x64.ActiveCfg = MinSizeRel|x64
		{0C444F7B-4089-3B22-8E30-DCDBF7A510EF}.Release|x64.ActiveCfg = Release|x64
		{0C444F7B-4089-3B22-8E30-DCDBF7A510EF}.RelWithDebInfo|x64.ActiveCfg = RelWithDebInfo|x64
		{6FC651B0-7941-34A3-9106-3A238779BE6E}.Debug|x64.ActiveCfg = Debug|x64
		{6FC651B0-7941-34A3-9106-3A238779BE6E}.Debug|x64.Build.0 = Debug|x64
		{6FC651B0-7941-34A3-9106-3A238779BE6E}.MinSizeRel|x64.ActiveCfg = MinSizeRel|x64
		{6FC651B0-7941-34A3-9106-3A238779BE6E}.MinSizeRel|x64.Build.0 = MinSizeRel|x64
		{6FC651B0-7941-34A3-9106-3A238779BE6E}.Release|x64.ActiveCfg = Release|x64
		{6FC651B0-7941-34A3-9106-3A238779BE6E}.Release|x64.Build.0 = Release|x64
		{6FC651B0-7941-34A3-9106-3A238779BE6E}.RelWithDebInfo|x64.ActiveCfg = RelWithDebInfo|x64
		{6FC651B0-7941-34A3-9106-3A238779BE6E}.RelWithDebInfo|x64.Build.0 = RelWithDebInfo|x64
		{0CC6EC1E-6577-377D-914A-7A72553310AF}.Debug|x64.ActiveCfg = Debug|x64
		{0CC6EC1E-6577-377D-914A-7A72553310AF}.Debug|x64.Build.0 = Debug|x64
		{0CC6EC1E-6577-377D-914A-7A72553310AF}.MinSizeRel|x64.ActiveCfg = MinSizeRel|x64
		{0CC6EC1E-6577-377D-914A-7A72553310AF}.MinSizeRel|x64.Build.0 = MinSizeRel|x64
		{0CC6EC1E-6577-377D-914A-7A72553310AF}.Release|x64.ActiveCfg = Release|x64
		{0CC6EC1E-6577-377D-914A-7A72553310AF}.Release|x64.Build.0 = Release|x64
		{0CC6EC1E-6577-377D-914A-7A72553310AF}.RelWithDebInfo|x64.ActiveCfg = RelWithDebInfo|x64
		{0CC6EC1E-6577-377D-914A-7A72553310AF}.RelWithDebInfo|x64.Build.0 = RelWithDebInfo|x64
		{1A9AAFDD-0F38-33EF-893B-A0F4FD165A75}.Debug|x64.ActiveCfg = Debug|x64
		{1A9AAFDD-0F38-33EF-893B-A0F4FD165A75}.Debug|x64.Build.0 = Debug|x64
		{1A9AAFDD-0F38-33EF-893B-A0F4FD165A75}.MinSizeRel|x64.ActiveCfg = MinSizeRel|x64
		{1A9AAFDD-0F38-33EF-893B-A0F4FD165A75}.MinSizeRel|x64.Build.0 = MinSizeRel|x64
		{1A9AAFDD-0F38-33EF-893B-A0F4FD165A75}.Release|x64.ActiveCfg = Release|x64
		{1A9AAFDD-0F38-33EF-893B-A0F4FD165A75}.Release|x64.Build.0 = Release|x64
		{1A9AAFDD-0F38-33EF-893B-A0F4FD165A75}.RelWithDebInfo|x64.ActiveCfg = RelWithDebInfo|x64
		{1A9AAFDD-0F38-33EF-893B-A0F4FD165A75}.RelWithDebInfo|x64.Build.0 = RelWithDebInfo|x64
		{567F4049-B663-345F-9B00-31AEF7546DD1}.Debug|x64.ActiveCfg = Debug|x64
		{567F4049-B663-345F-9B00-31AEF7546DD1}.Debug|x64.Build.0 = Debug|x64
		{567F4049-B663-345F-9B00-31AEF7546DD1}.MinSizeRel|x64.ActiveCfg = MinSizeRel|x64
		{567F4049-B663-345F-9B00-31AEF7546DD1}.MinSizeRel|x64.Build.0 = MinSizeRel|x64
		{567F4049-B663-345F-9B00-31AEF7546DD1}.Release|x64.ActiveCfg = Release|x64
		{567F4049-B663-345F-9B00-31AEF7546DD1}.Release|x64.Build.0 = Release|x64
		{567F4049-B663-345F-9B00-31AEF7546DD1}.RelWithDebInfo|x64.ActiveCfg = RelWithDebInfo|x64
		{567F4049-B663-345F-9B00-31AEF7546DD1}.RelWithDebInfo|x64.Build.0 = RelWithDebInfo|x64
	EndGlobalSection
	GlobalSection(SolutionProperties) = preSolution
		HideSolutionNode = FALSE
	EndGlobalSection
	GlobalSection(ExtensibilityGlobals) = postSolution
		SolutionGuid = {8C645E1D-3806-3D36-90AC-3D42D7743BF4}
	EndGlobalSection
EndGlobal
